
Microsoft Visual Studio Solution File, Format Version 12.00
# Visual Studio Version 17
VisualStudioVersion = 17.11.35327.3
MinimumVisualStudioVersion = 10.0.40219.1
Project("{2150E333-8FDC-42A3-9474-1A3956D46DE8}") = "src", "src", "{345A5416-33CD-444F-B4BD-8FA0F1E787AD}"
EndProject
Project("{2150E333-8FDC-42A3-9474-1A3956D46DE8}") = "api", "api", "{9A7D7024-0011-4E6C-87FA-6A4D8047652A}"
EndProject
Project("{2150E333-8FDC-42A3-9474-1A3956D46DE8}") = "razor", "razor", "{CE38ED86-05C0-47A2-99FB-80C7C71472CF}"
EndProject
Project("{FAE04EC0-301F-11D3-BF4B-00C04F79EFBC}") = "Taskify.API", "Taskify.API\Taskify.API.csproj", "{8D378423-A23F-4CA7-A707-A6A7D515A154}"
EndProject
Project("{FAE04EC0-301F-11D3-BF4B-00C04F79EFBC}") = "Taskify.Razor", "Taskify.Razor\Taskify.Razor.csproj", "{6B550891-FB14-4852-AE4C-3D0042178EA0}"
EndProject
Global
	GlobalSection(SolutionConfigurationPlatforms) = preSolution
		Debug|Any CPU = Debug|Any CPU
		Release|Any CPU = Release|Any CPU
	EndGlobalSection
	GlobalSection(ProjectConfigurationPlatforms) = postSolution
		{8D378423-A23F-4CA7-A707-A6A7D515A154}.Debug|Any CPU.ActiveCfg = Debug|Any CPU
		{8D378423-A23F-4CA7-A707-A6A7D515A154}.Debug|Any CPU.Build.0 = Debug|Any CPU
		{8D378423-A23F-4CA7-A707-A6A7D515A154}.Release|Any CPU.ActiveCfg = Release|Any CPU
		{8D378423-A23F-4CA7-A707-A6A7D515A154}.Release|Any CPU.Build.0 = Release|Any CPU
		{6B550891-FB14-4852-AE4C-3D0042178EA0}.Debug|Any CPU.ActiveCfg = Debug|Any CPU
		{6B550891-FB14-4852-AE4C-3D0042178EA0}.Debug|Any CPU.Build.0 = Debug|Any CPU
		{6B550891-FB14-4852-AE4C-3D0042178EA0}.Release|Any CPU.ActiveCfg = Release|Any CPU
		{6B550891-FB14-4852-AE4C-3D0042178EA0}.Release|Any CPU.Build.0 = Release|Any CPU
	EndGlobalSection
	GlobalSection(SolutionProperties) = preSolution
		HideSolutionNode = FALSE
	EndGlobalSection
	GlobalSection(NestedProjects) = preSolution
		{9A7D7024-0011-4E6C-87FA-6A4D8047652A} = {345A5416-33CD-444F-B4BD-8FA0F1E787AD}
		{CE38ED86-05C0-47A2-99FB-80C7C71472CF} = {345A5416-33CD-444F-B4BD-8FA0F1E787AD}
		{8D378423-A23F-4CA7-A707-A6A7D515A154} = {9A7D7024-0011-4E6C-87FA-6A4D8047652A}
		{6B550891-FB14-4852-AE4C-3D0042178EA0} = {CE38ED86-05C0-47A2-99FB-80C7C71472CF}
	EndGlobalSection
	GlobalSection(ExtensibilityGlobals) = postSolution
		SolutionGuid = {A0E941F5-CF1D-414B-A1F7-27BAA2B572E0}
	EndGlobalSection
EndGlobal
